
Microsoft Visual Studio Solution File, Format Version 12.00
# Visual Studio Version 17
VisualStudioVersion = 17.13.35828.75 d17.13
MinimumVisualStudioVersion = 10.0.40219.1
Project("{FAE04EC0-301F-11D3-BF4B-00C04F79EFBC}") = "Fabricantes da Gestão de Equipamentos ConsoleApp1", "Fabricantes da Gestão de Equipamentos ConsoleApp1\Fabricantes da Gestão de Equipamentos ConsoleApp1.csproj", "{92765008-DB5C-4B77-8CAE-F6A90872B715}"
EndProject
Global
	GlobalSection(SolutionConfigurationPlatforms) = preSolution
		Debug|Any CPU = Debug|Any CPU
		Release|Any CPU = Release|Any CPU
	EndGlobalSection
	GlobalSection(ProjectConfigurationPlatforms) = postSolution
		{92765008-DB5C-4B77-8CAE-F6A90872B715}.Debug|Any CPU.ActiveCfg = Debug|Any CPU
		{92765008-DB5C-4B77-8CAE-F6A90872B715}.Debug|Any CPU.Build.0 = Debug|Any CPU
		{92765008-DB5C-4B77-8CAE-F6A90872B715}.Release|Any CPU.ActiveCfg = Release|Any CPU
		{92765008-DB5C-4B77-8CAE-F6A90872B715}.Release|Any CPU.Build.0 = Release|Any CPU
	EndGlobalSection
	GlobalSection(SolutionProperties) = preSolution
		HideSolutionNode = FALSE
	EndGlobalSection
	GlobalSection(ExtensibilityGlobals) = postSolution
		SolutionGuid = {EC166D46-5C33-4DB5-92CD-29F1A974597B}
	EndGlobalSection
EndGlobal
